
Microsoft Visual Studio Solution File, Format Version 12.00
# Visual Studio Version 17
VisualStudioVersion = 17.14.36811.4
MinimumVisualStudioVersion = 10.0.40219.1
Project("{FAE04EC0-301F-11D3-BF4B-00C04F79EFBC}") = "ClassExampleWF", "src\ClassExampleWF\ClassExampleWF.csproj", "{0FFFC682-D855-4AE4-9DE4-15E97128B274}"
EndProject
Project("{FAE04EC0-301F-11D3-BF4B-00C04F79EFBC}") = "ClassExampleController", "src\ClassExampleController\ClassExampleController.csproj", "{9E06FF1D-4F2F-4145-9ADA-672A22434D7C}"
EndProject
Project("{FAE04EC0-301F-11D3-BF4B-00C04F79EFBC}") = "ClassExampleModels", "src\ClassExampleModels\ClassExampleModels.csproj", "{7F29A14F-058F-4DB7-A71B-95E90774F1E1}"
EndProject
Project("{FAE04EC0-301F-11D3-BF4B-00C04F79EFBC}") = "ConsoleAppForValidate", "src\ConsoleAppForValidate\ConsoleAppForValidate.csproj", "{CF5CAC7D-610C-4BE8-8087-8475E41560A6}"
EndProject
Global
	GlobalSection(SolutionConfigurationPlatforms) = preSolution
		Debug|Any CPU = Debug|Any CPU
		Release|Any CPU = Release|Any CPU
	EndGlobalSection
	GlobalSection(ProjectConfigurationPlatforms) = postSolution
		{0FFFC682-D855-4AE4-9DE4-15E97128B274}.Debug|Any CPU.ActiveCfg = Debug|Any CPU
		{0FFFC682-D855-4AE4-9DE4-15E97128B274}.Debug|Any CPU.Build.0 = Debug|Any CPU
		{0FFFC682-D855-4AE4-9DE4-15E97128B274}.Release|Any CPU.ActiveCfg = Release|Any CPU
		{0FFFC682-D855-4AE4-9DE4-15E97128B274}.Release|Any CPU.Build.0 = Release|Any CPU
		{9E06FF1D-4F2F-4145-9ADA-672A22434D7C}.Debug|Any CPU.ActiveCfg = Debug|Any CPU
		{9E06FF1D-4F2F-4145-9ADA-672A22434D7C}.Debug|Any CPU.Build.0 = Debug|Any CPU
		{9E06FF1D-4F2F-4145-9ADA-672A22434D7C}.Release|Any CPU.ActiveCfg = Release|Any CPU
		{9E06FF1D-4F2F-4145-9ADA-672A22434D7C}.Release|Any CPU.Build.0 = Release|Any CPU
		{7F29A14F-058F-4DB7-A71B-95E90774F1E1}.Debug|Any CPU.ActiveCfg = Debug|Any CPU
		{7F29A14F-058F-4DB7-A71B-95E90774F1E1}.Debug|Any CPU.Build.0 = Debug|Any CPU
		{7F29A14F-058F-4DB7-A71B-95E90774F1E1}.Release|Any CPU.ActiveCfg = Release|Any CPU
		{7F29A14F-058F-4DB7-A71B-95E90774F1E1}.Release|Any CPU.Build.0 = Release|Any CPU
		{CF5CAC7D-610C-4BE8-8087-8475E41560A6}.Debug|Any CPU.ActiveCfg = Debug|Any CPU
		{CF5CAC7D-610C-4BE8-8087-8475E41560A6}.Debug|Any CPU.Build.0 = Debug|Any CPU
		{CF5CAC7D-610C-4BE8-8087-8475E41560A6}.Release|Any CPU.ActiveCfg = Release|Any CPU
		{CF5CAC7D-610C-4BE8-8087-8475E41560A6}.Release|Any CPU.Build.0 = Release|Any CPU
	EndGlobalSection
	GlobalSection(SolutionProperties) = preSolution
		HideSolutionNode = FALSE
	EndGlobalSection
	GlobalSection(ExtensibilityGlobals) = postSolution
		SolutionGuid = {4686C111-10AA-400F-B246-ED56D20D605C}
	EndGlobalSection
EndGlobal
